
Microsoft Visual Studio Solution File, Format Version 12.00
# Visual Studio Version 17
VisualStudioVersion = 17.8.34330.188
MinimumVisualStudioVersion = 10.0.40219.1
Project("{FAE04EC0-301F-11D3-BF4B-00C04F79EFBC}") = "NetGrabageCollectorApp", "NetGrabageCollectorApp\NetGrabageCollectorApp.csproj", "{54102A61-EC34-41BF-A295-F191AB722E9C}"
EndProject
Global
	GlobalSection(SolutionConfigurationPlatforms) = preSolution
		Debug|Any CPU = Debug|Any CPU
		Release|Any CPU = Release|Any CPU
	EndGlobalSection
	GlobalSection(ProjectConfigurationPlatforms) = postSolution
		{54102A61-EC34-41BF-A295-F191AB722E9C}.Debug|Any CPU.ActiveCfg = Debug|Any CPU
		{54102A61-EC34-41BF-A295-F191AB722E9C}.Debug|Any CPU.Build.0 = Debug|Any CPU
		{54102A61-EC34-41BF-A295-F191AB722E9C}.Release|Any CPU.ActiveCfg = Release|Any CPU
		{54102A61-EC34-41BF-A295-F191AB722E9C}.Release|Any CPU.Build.0 = Release|Any CPU
	EndGlobalSection
	GlobalSection(SolutionProperties) = preSolution
		HideSolutionNode = FALSE
	EndGlobalSection
	GlobalSection(ExtensibilityGlobals) = postSolution
		SolutionGuid = {7A61B29C-23AC-4BEA-9461-92FA50A8B978}
	EndGlobalSection
EndGlobal
